
Microsoft Visual Studio Solution File, Format Version 12.00
# Visual Studio Version 17
VisualStudioVersion = 17.14.36408.4 d17.14
MinimumVisualStudioVersion = 10.0.40219.1
Project("{FAE04EC0-301F-11D3-BF4B-00C04F79EFBC}") = "BillingAPI", "BillingAPI.csproj", "{D26DE0A9-9592-4335-951D-8670FF3D2B5F}"
EndProject
Global
	GlobalSection(SolutionConfigurationPlatforms) = preSolution
		Debug|Any CPU = Debug|Any CPU
		Release|Any CPU = Release|Any CPU
	EndGlobalSection
	GlobalSection(ProjectConfigurationPlatforms) = postSolution
		{D26DE0A9-9592-4335-951D-8670FF3D2B5F}.Debug|Any CPU.ActiveCfg = Debug|Any CPU
		{D26DE0A9-9592-4335-951D-8670FF3D2B5F}.Debug|Any CPU.Build.0 = Debug|Any CPU
		{D26DE0A9-9592-4335-951D-8670FF3D2B5F}.Release|Any CPU.ActiveCfg = Release|Any CPU
		{D26DE0A9-9592-4335-951D-8670FF3D2B5F}.Release|Any CPU.Build.0 = Release|Any CPU
	EndGlobalSection
	GlobalSection(SolutionProperties) = preSolution
		HideSolutionNode = FALSE
	EndGlobalSection
	GlobalSection(ExtensibilityGlobals) = postSolution
		SolutionGuid = {48C48743-1E84-4E8D-B338-E10FFC3BA76C}
	EndGlobalSection
EndGlobal
